
Microsoft Visual Studio Solution File, Format Version 12.00
# Visual Studio Version 17
VisualStudioVersion = 17.9.34723.18
MinimumVisualStudioVersion = 10.0.40219.1
Project("{FAE04EC0-301F-11D3-BF4B-00C04F79EFBC}") = "NDIrSys", "NDIrSys.csproj", "{3C87C55D-7873-4478-BC14-260824BDD026}"
EndProject
Global
	GlobalSection(SolutionConfigurationPlatforms) = preSolution
		Debug|Any CPU = Debug|Any CPU
		Release|Any CPU = Release|Any CPU
	EndGlobalSection
	GlobalSection(ProjectConfigurationPlatforms) = postSolution
		{3C87C55D-7873-4478-BC14-260824BDD026}.Debug|Any CPU.ActiveCfg = Debug|Any CPU
		{3C87C55D-7873-4478-BC14-260824BDD026}.Debug|Any CPU.Build.0 = Debug|Any CPU
		{3C87C55D-7873-4478-BC14-260824BDD026}.Release|Any CPU.ActiveCfg = Release|Any CPU
		{3C87C55D-7873-4478-BC14-260824BDD026}.Release|Any CPU.Build.0 = Release|Any CPU
	EndGlobalSection
	GlobalSection(SolutionProperties) = preSolution
		HideSolutionNode = FALSE
	EndGlobalSection
	GlobalSection(ExtensibilityGlobals) = postSolution
		SolutionGuid = {82A1262D-E40C-4B83-BAD2-FA6AB2A9A804}
	EndGlobalSection
EndGlobal
